
Microsoft Visual Studio Solution File, Format Version 12.00
# Visual Studio Version 16
VisualStudioVersion = 16.0.29209.62
MinimumVisualStudioVersion = 10.0.40219.1
Project("{FAE04EC0-301F-11D3-BF4B-00C04F79EFBC}") = "GenTryFramwork", "GenTryFramwork\GenTryFramwork.csproj", "{80CF4BE6-A06C-4B5D-9AB1-933F09147012}"
EndProject
Global
	GlobalSection(SolutionConfigurationPlatforms) = preSolution
		Debug|Any CPU = Debug|Any CPU
		Debug|x64 = Debug|x64
		Release|Any CPU = Release|Any CPU
		Release|x64 = Release|x64
	EndGlobalSection
	GlobalSection(ProjectConfigurationPlatforms) = postSolution
		{80CF4BE6-A06C-4B5D-9AB1-933F09147012}.Debug|Any CPU.ActiveCfg = Debug|Any CPU
		{80CF4BE6-A06C-4B5D-9AB1-933F09147012}.Debug|Any CPU.Build.0 = Debug|Any CPU
		{80CF4BE6-A06C-4B5D-9AB1-933F09147012}.Debug|x64.ActiveCfg = Debug|x64
		{80CF4BE6-A06C-4B5D-9AB1-933F09147012}.Debug|x64.Build.0 = Debug|x64
		{80CF4BE6-A06C-4B5D-9AB1-933F09147012}.Release|Any CPU.ActiveCfg = Release|Any CPU
		{80CF4BE6-A06C-4B5D-9AB1-933F09147012}.Release|Any CPU.Build.0 = Release|Any CPU
		{80CF4BE6-A06C-4B5D-9AB1-933F09147012}.Release|x64.ActiveCfg = Release|x64
		{80CF4BE6-A06C-4B5D-9AB1-933F09147012}.Release|x64.Build.0 = Release|x64
	EndGlobalSection
	GlobalSection(SolutionProperties) = preSolution
		HideSolutionNode = FALSE
	EndGlobalSection
	GlobalSection(ExtensibilityGlobals) = postSolution
		SolutionGuid = {6A0F30FA-5E37-40AE-A82F-C5E52DA3318B}
	EndGlobalSection
EndGlobal
